
Microsoft Visual Studio Solution File, Format Version 12.00
# Visual Studio Version 17
VisualStudioVersion = 17.11.35327.3
MinimumVisualStudioVersion = 10.0.40219.1
Project("{2150E333-8FDC-42A3-9474-1A3956D46DE8}") = "00. ZeroToFirstPrompt", "00. ZeroToFirstPrompt", "{28B5265C-7613-4D95-A084-E783A8824F1E}"
EndProject
Project("{9A19103F-16F7-4668-BE54-9A1E7A4F7556}") = "ZeroToFirstPrompt.Completed", "src\ZeroToFirstPrompt.Completed\ZeroToFirstPrompt.Completed.csproj", "{57EC321C-ACAA-41A7-9CB7-392A62CF26FF}"
EndProject
Project("{9A19103F-16F7-4668-BE54-9A1E7A4F7556}") = "ZeroToFirstPrompt", "src\ZerotofirstPrompt\ZeroToFirstPrompt.csproj", "{44CD282D-0115-4A79-99D5-D06AD92671EF}"
EndProject
Project("{2150E333-8FDC-42A3-9474-1A3956D46DE8}") = "Shared", "Shared", "{29B970EF-FE4A-4AE1-AA41-99FF51270ACB}"
EndProject
Project("{9A19103F-16F7-4668-BE54-9A1E7A4F7556}") = "Shared", "src\Shared\Shared.csproj", "{98B141F3-3F6B-4A30-9EA2-278F3B319A89}"
EndProject
Project("{9A19103F-16F7-4668-BE54-9A1E7A4F7556}") = "ZeroToFirstPrompt.Offline", "src\ZeroToFirstPrompt.Offline\ZeroToFirstPrompt.Offline.csproj", "{B4C4CA88-CB71-4964-A08A-10A63439C061}"
EndProject
Project("{2150E333-8FDC-42A3-9474-1A3956D46DE8}") = "02", "02", "{06B68EE3-AE0E-45C9-ADC5-7267AE91DE38}"
EndProject
Project("{9A19103F-16F7-4668-BE54-9A1E7A4F7556}") = "ZeroToFirstPrompt.Website", "src\ZeroToFirstPrompt.Website\ZeroToFirstPrompt.Website.csproj", "{03FADD6D-3B8E-4F71-972F-743264CEB3E3}"
EndProject
Project("{2150E333-8FDC-42A3-9474-1A3956D46DE8}") = "03", "03", "{286B5912-F155-4094-A1F5-2175EFB6CF94}"
EndProject
Project("{2150E333-8FDC-42A3-9474-1A3956D46DE8}") = "04", "04", "{DEED561D-16C2-4907-8F2A-ED14C3489869}"
EndProject
Project("{2150E333-8FDC-42A3-9474-1A3956D46DE8}") = "01. Microsoft.Extensions", "01. Microsoft.Extensions", "{1E7DE985-980F-4AA5-AE0B-3DA387B65A1E}"
EndProject
Project("{FAE04EC0-301F-11D3-BF4B-00C04F79EFBC}") = "Microsoft.Extensions.AI", "src\Microsoft.Extensions.AI\Microsoft.Extensions.AI.csproj", "{68A3C9CC-2B67-4910-918A-F966DDC182F5}"
EndProject
Global
	GlobalSection(SolutionConfigurationPlatforms) = preSolution
		Debug|Any CPU = Debug|Any CPU
		Release|Any CPU = Release|Any CPU
	EndGlobalSection
	GlobalSection(ProjectConfigurationPlatforms) = postSolution
		{57EC321C-ACAA-41A7-9CB7-392A62CF26FF}.Debug|Any CPU.ActiveCfg = Debug|Any CPU
		{57EC321C-ACAA-41A7-9CB7-392A62CF26FF}.Debug|Any CPU.Build.0 = Debug|Any CPU
		{57EC321C-ACAA-41A7-9CB7-392A62CF26FF}.Release|Any CPU.ActiveCfg = Release|Any CPU
		{57EC321C-ACAA-41A7-9CB7-392A62CF26FF}.Release|Any CPU.Build.0 = Release|Any CPU
		{44CD282D-0115-4A79-99D5-D06AD92671EF}.Debug|Any CPU.ActiveCfg = Debug|Any CPU
		{44CD282D-0115-4A79-99D5-D06AD92671EF}.Debug|Any CPU.Build.0 = Debug|Any CPU
		{44CD282D-0115-4A79-99D5-D06AD92671EF}.Release|Any CPU.ActiveCfg = Release|Any CPU
		{44CD282D-0115-4A79-99D5-D06AD92671EF}.Release|Any CPU.Build.0 = Release|Any CPU
		{98B141F3-3F6B-4A30-9EA2-278F3B319A89}.Debug|Any CPU.ActiveCfg = Debug|Any CPU
		{98B141F3-3F6B-4A30-9EA2-278F3B319A89}.Debug|Any CPU.Build.0 = Debug|Any CPU
		{98B141F3-3F6B-4A30-9EA2-278F3B319A89}.Release|Any CPU.ActiveCfg = Release|Any CPU
		{98B141F3-3F6B-4A30-9EA2-278F3B319A89}.Release|Any CPU.Build.0 = Release|Any CPU
		{B4C4CA88-CB71-4964-A08A-10A63439C061}.Debug|Any CPU.ActiveCfg = Debug|Any CPU
		{B4C4CA88-CB71-4964-A08A-10A63439C061}.Debug|Any CPU.Build.0 = Debug|Any CPU
		{B4C4CA88-CB71-4964-A08A-10A63439C061}.Release|Any CPU.ActiveCfg = Release|Any CPU
		{B4C4CA88-CB71-4964-A08A-10A63439C061}.Release|Any CPU.Build.0 = Release|Any CPU
		{03FADD6D-3B8E-4F71-972F-743264CEB3E3}.Debug|Any CPU.ActiveCfg = Debug|Any CPU
		{03FADD6D-3B8E-4F71-972F-743264CEB3E3}.Debug|Any CPU.Build.0 = Debug|Any CPU
		{03FADD6D-3B8E-4F71-972F-743264CEB3E3}.Release|Any CPU.ActiveCfg = Release|Any CPU
		{03FADD6D-3B8E-4F71-972F-743264CEB3E3}.Release|Any CPU.Build.0 = Release|Any CPU
		{68A3C9CC-2B67-4910-918A-F966DDC182F5}.Debug|Any CPU.ActiveCfg = Debug|Any CPU
		{68A3C9CC-2B67-4910-918A-F966DDC182F5}.Debug|Any CPU.Build.0 = Debug|Any CPU
		{68A3C9CC-2B67-4910-918A-F966DDC182F5}.Release|Any CPU.ActiveCfg = Release|Any CPU
		{68A3C9CC-2B67-4910-918A-F966DDC182F5}.Release|Any CPU.Build.0 = Release|Any CPU
	EndGlobalSection
	GlobalSection(SolutionProperties) = preSolution
		HideSolutionNode = FALSE
	EndGlobalSection
	GlobalSection(NestedProjects) = preSolution
		{57EC321C-ACAA-41A7-9CB7-392A62CF26FF} = {28B5265C-7613-4D95-A084-E783A8824F1E}
		{44CD282D-0115-4A79-99D5-D06AD92671EF} = {28B5265C-7613-4D95-A084-E783A8824F1E}
		{98B141F3-3F6B-4A30-9EA2-278F3B319A89} = {29B970EF-FE4A-4AE1-AA41-99FF51270ACB}
		{B4C4CA88-CB71-4964-A08A-10A63439C061} = {28B5265C-7613-4D95-A084-E783A8824F1E}
		{03FADD6D-3B8E-4F71-972F-743264CEB3E3} = {28B5265C-7613-4D95-A084-E783A8824F1E}
		{68A3C9CC-2B67-4910-918A-F966DDC182F5} = {1E7DE985-980F-4AA5-AE0B-3DA387B65A1E}
	EndGlobalSection
	GlobalSection(ExtensibilityGlobals) = postSolution
		SolutionGuid = {13268E60-FAD8-4BE0-8711-4A131E7DDCCF}
	EndGlobalSection
EndGlobal
