
Microsoft Visual Studio Solution File, Format Version 12.00
# Visual Studio Version 17
VisualStudioVersion = 17.11.35327.3
MinimumVisualStudioVersion = 10.0.40219.1
Project("{2150E333-8FDC-42A3-9474-1A3956D46DE8}") = "00. ZeroToFirstPrompt", "00. ZeroToFirstPrompt", "{28B5265C-7613-4D95-A084-E783A8824F1E}"
EndProject
Project("{9A19103F-16F7-4668-BE54-9A1E7A4F7556}") = "ZeroToFirstPrompt.Completed", "src\ZeroToFirstPrompt.Completed\ZeroToFirstPrompt.Completed.csproj", "{57EC321C-ACAA-41A7-9CB7-392A62CF26FF}"
EndProject
Project("{9A19103F-16F7-4668-BE54-9A1E7A4F7556}") = "ZeroToFirstPrompt", "src\ZerotofirstPrompt\ZeroToFirstPrompt.csproj", "{44CD282D-0115-4A79-99D5-D06AD92671EF}"
EndProject
Project("{2150E333-8FDC-42A3-9474-1A3956D46DE8}") = "Shared", "Shared", "{29B970EF-FE4A-4AE1-AA41-99FF51270ACB}"
EndProject
Project("{9A19103F-16F7-4668-BE54-9A1E7A4F7556}") = "Shared", "src\Shared\Shared.csproj", "{98B141F3-3F6B-4A30-9EA2-278F3B319A89}"
EndProject
Project("{9A19103F-16F7-4668-BE54-9A1E7A4F7556}") = "ZeroToFirstPrompt.Offline", "src\ZeroToFirstPrompt.Offline\ZeroToFirstPrompt.Offline.csproj", "{B4C4CA88-CB71-4964-A08A-10A63439C061}"
EndProject
Project("{2150E333-8FDC-42A3-9474-1A3956D46DE8}") = "03. Your Own data", "03. Your Own data", "{06B68EE3-AE0E-45C9-ADC5-7267AE91DE38}"
EndProject
Project("{9A19103F-16F7-4668-BE54-9A1E7A4F7556}") = "ZeroToFirstPrompt.Website", "src\ZeroToFirstPrompt.Website\ZeroToFirstPrompt.Website.csproj", "{03FADD6D-3B8E-4F71-972F-743264CEB3E3}"
EndProject
Project("{2150E333-8FDC-42A3-9474-1A3956D46DE8}") = "02. Plugins", "02. Plugins", "{286B5912-F155-4094-A1F5-2175EFB6CF94}"
EndProject
Project("{2150E333-8FDC-42A3-9474-1A3956D46DE8}") = "04. Bonus", "04. Bonus", "{DEED561D-16C2-4907-8F2A-ED14C3489869}"
EndProject
Project("{FAE04EC0-301F-11D3-BF4B-00C04F79EFBC}") = "Microsoft.Extensions.AI", "src\Microsoft.Extensions.AI\Microsoft.Extensions.AI.csproj", "{68A3C9CC-2B67-4910-918A-F966DDC182F5}"
EndProject
Project("{FAE04EC0-301F-11D3-BF4B-00C04F79EFBC}") = "RetrievalAugmentedGeneration", "src\RetrievalAugmentedGeneration\RetrievalAugmentedGeneration.csproj", "{63329F97-79CD-4DFA-899C-868E4BEF06EB}"
EndProject
Project("{FAE04EC0-301F-11D3-BF4B-00C04F79EFBC}") = "TrelloPlugin", "src\TrelloPlugin\TrelloPlugin.csproj", "{1BCBD15A-A1C1-45C9-A591-3D9E3FB259AE}"
EndProject
Project("{FAE04EC0-301F-11D3-BF4B-00C04F79EFBC}") = "HelloPlugin", "src\HelloPlugin\HelloPlugin.csproj", "{BCF3E7C1-5D40-45D9-9C73-723A52ECA982}"
EndProject
Project("{FAE04EC0-301F-11D3-BF4B-00C04F79EFBC}") = "AgentGroupChat", "src\AgentGroupChat\AgentGroupChat.csproj", "{4AAF86BF-09F0-4028-A539-E5BDC9B41835}"
EndProject
Project("{FAE04EC0-301F-11D3-BF4B-00C04F79EFBC}") = "SpeakToYourAi", "src\SpeakToYourAi\SpeakToYourAi.csproj", "{AAAB858C-18DB-47FD-887D-F92FAFA47023}"
EndProject
Global
	GlobalSection(SolutionConfigurationPlatforms) = preSolution
		Debug|Any CPU = Debug|Any CPU
		Release|Any CPU = Release|Any CPU
	EndGlobalSection
	GlobalSection(ProjectConfigurationPlatforms) = postSolution
		{57EC321C-ACAA-41A7-9CB7-392A62CF26FF}.Debug|Any CPU.ActiveCfg = Debug|Any CPU
		{57EC321C-ACAA-41A7-9CB7-392A62CF26FF}.Debug|Any CPU.Build.0 = Debug|Any CPU
		{57EC321C-ACAA-41A7-9CB7-392A62CF26FF}.Release|Any CPU.ActiveCfg = Release|Any CPU
		{57EC321C-ACAA-41A7-9CB7-392A62CF26FF}.Release|Any CPU.Build.0 = Release|Any CPU
		{44CD282D-0115-4A79-99D5-D06AD92671EF}.Debug|Any CPU.ActiveCfg = Debug|Any CPU
		{44CD282D-0115-4A79-99D5-D06AD92671EF}.Debug|Any CPU.Build.0 = Debug|Any CPU
		{44CD282D-0115-4A79-99D5-D06AD92671EF}.Release|Any CPU.ActiveCfg = Release|Any CPU
		{44CD282D-0115-4A79-99D5-D06AD92671EF}.Release|Any CPU.Build.0 = Release|Any CPU
		{98B141F3-3F6B-4A30-9EA2-278F3B319A89}.Debug|Any CPU.ActiveCfg = Debug|Any CPU
		{98B141F3-3F6B-4A30-9EA2-278F3B319A89}.Debug|Any CPU.Build.0 = Debug|Any CPU
		{98B141F3-3F6B-4A30-9EA2-278F3B319A89}.Release|Any CPU.ActiveCfg = Release|Any CPU
		{98B141F3-3F6B-4A30-9EA2-278F3B319A89}.Release|Any CPU.Build.0 = Release|Any CPU
		{B4C4CA88-CB71-4964-A08A-10A63439C061}.Debug|Any CPU.ActiveCfg = Debug|Any CPU
		{B4C4CA88-CB71-4964-A08A-10A63439C061}.Debug|Any CPU.Build.0 = Debug|Any CPU
		{B4C4CA88-CB71-4964-A08A-10A63439C061}.Release|Any CPU.ActiveCfg = Release|Any CPU
		{B4C4CA88-CB71-4964-A08A-10A63439C061}.Release|Any CPU.Build.0 = Release|Any CPU
		{03FADD6D-3B8E-4F71-972F-743264CEB3E3}.Debug|Any CPU.ActiveCfg = Debug|Any CPU
		{03FADD6D-3B8E-4F71-972F-743264CEB3E3}.Debug|Any CPU.Build.0 = Debug|Any CPU
		{03FADD6D-3B8E-4F71-972F-743264CEB3E3}.Release|Any CPU.ActiveCfg = Release|Any CPU
		{03FADD6D-3B8E-4F71-972F-743264CEB3E3}.Release|Any CPU.Build.0 = Release|Any CPU
		{68A3C9CC-2B67-4910-918A-F966DDC182F5}.Debug|Any CPU.ActiveCfg = Debug|Any CPU
		{68A3C9CC-2B67-4910-918A-F966DDC182F5}.Debug|Any CPU.Build.0 = Debug|Any CPU
		{68A3C9CC-2B67-4910-918A-F966DDC182F5}.Release|Any CPU.ActiveCfg = Release|Any CPU
		{68A3C9CC-2B67-4910-918A-F966DDC182F5}.Release|Any CPU.Build.0 = Release|Any CPU
		{63329F97-79CD-4DFA-899C-868E4BEF06EB}.Debug|Any CPU.ActiveCfg = Debug|Any CPU
		{63329F97-79CD-4DFA-899C-868E4BEF06EB}.Debug|Any CPU.Build.0 = Debug|Any CPU
		{63329F97-79CD-4DFA-899C-868E4BEF06EB}.Release|Any CPU.ActiveCfg = Release|Any CPU
		{63329F97-79CD-4DFA-899C-868E4BEF06EB}.Release|Any CPU.Build.0 = Release|Any CPU
		{1BCBD15A-A1C1-45C9-A591-3D9E3FB259AE}.Debug|Any CPU.ActiveCfg = Debug|Any CPU
		{1BCBD15A-A1C1-45C9-A591-3D9E3FB259AE}.Debug|Any CPU.Build.0 = Debug|Any CPU
		{1BCBD15A-A1C1-45C9-A591-3D9E3FB259AE}.Release|Any CPU.ActiveCfg = Release|Any CPU
		{1BCBD15A-A1C1-45C9-A591-3D9E3FB259AE}.Release|Any CPU.Build.0 = Release|Any CPU
		{BCF3E7C1-5D40-45D9-9C73-723A52ECA982}.Debug|Any CPU.ActiveCfg = Debug|Any CPU
		{BCF3E7C1-5D40-45D9-9C73-723A52ECA982}.Debug|Any CPU.Build.0 = Debug|Any CPU
		{BCF3E7C1-5D40-45D9-9C73-723A52ECA982}.Release|Any CPU.ActiveCfg = Release|Any CPU
		{BCF3E7C1-5D40-45D9-9C73-723A52ECA982}.Release|Any CPU.Build.0 = Release|Any CPU
		{4AAF86BF-09F0-4028-A539-E5BDC9B41835}.Debug|Any CPU.ActiveCfg = Debug|Any CPU
		{4AAF86BF-09F0-4028-A539-E5BDC9B41835}.Debug|Any CPU.Build.0 = Debug|Any CPU
		{4AAF86BF-09F0-4028-A539-E5BDC9B41835}.Release|Any CPU.ActiveCfg = Release|Any CPU
		{4AAF86BF-09F0-4028-A539-E5BDC9B41835}.Release|Any CPU.Build.0 = Release|Any CPU
		{AAAB858C-18DB-47FD-887D-F92FAFA47023}.Debug|Any CPU.ActiveCfg = Debug|Any CPU
		{AAAB858C-18DB-47FD-887D-F92FAFA47023}.Debug|Any CPU.Build.0 = Debug|Any CPU
		{AAAB858C-18DB-47FD-887D-F92FAFA47023}.Release|Any CPU.ActiveCfg = Release|Any CPU
		{AAAB858C-18DB-47FD-887D-F92FAFA47023}.Release|Any CPU.Build.0 = Release|Any CPU
	EndGlobalSection
	GlobalSection(SolutionProperties) = preSolution
		HideSolutionNode = FALSE
	EndGlobalSection
	GlobalSection(NestedProjects) = preSolution
		{57EC321C-ACAA-41A7-9CB7-392A62CF26FF} = {28B5265C-7613-4D95-A084-E783A8824F1E}
		{44CD282D-0115-4A79-99D5-D06AD92671EF} = {28B5265C-7613-4D95-A084-E783A8824F1E}
		{98B141F3-3F6B-4A30-9EA2-278F3B319A89} = {29B970EF-FE4A-4AE1-AA41-99FF51270ACB}
		{B4C4CA88-CB71-4964-A08A-10A63439C061} = {28B5265C-7613-4D95-A084-E783A8824F1E}
		{03FADD6D-3B8E-4F71-972F-743264CEB3E3} = {28B5265C-7613-4D95-A084-E783A8824F1E}
		{68A3C9CC-2B67-4910-918A-F966DDC182F5} = {DEED561D-16C2-4907-8F2A-ED14C3489869}
		{63329F97-79CD-4DFA-899C-868E4BEF06EB} = {06B68EE3-AE0E-45C9-ADC5-7267AE91DE38}
		{1BCBD15A-A1C1-45C9-A591-3D9E3FB259AE} = {286B5912-F155-4094-A1F5-2175EFB6CF94}
		{BCF3E7C1-5D40-45D9-9C73-723A52ECA982} = {286B5912-F155-4094-A1F5-2175EFB6CF94}
		{4AAF86BF-09F0-4028-A539-E5BDC9B41835} = {DEED561D-16C2-4907-8F2A-ED14C3489869}
		{AAAB858C-18DB-47FD-887D-F92FAFA47023} = {DEED561D-16C2-4907-8F2A-ED14C3489869}
	EndGlobalSection
	GlobalSection(ExtensibilityGlobals) = postSolution
		SolutionGuid = {13268E60-FAD8-4BE0-8711-4A131E7DDCCF}
	EndGlobalSection
EndGlobal
